// !$*UTF8*$!
{
	archiveVersion = 1;
	classes = {
	};
	objectVersion = 46;
	objects = {

/* Begin PBXBuildFile section */
		6B04F8EE1ABB4FB800B7C078 /* main.m in Sources */ = {isa = PBXBuildFile; fileRef = 6B04F8ED1ABB4FB800B7C078 /* main.m */; };
		6B04F8F11ABB4FB800B7C078 /* AppDelegate.m in Sources */ = {isa = PBXBuildFile; fileRef = 6B04F8F01ABB4FB800B7C078 /* AppDelegate.m */; };
		6B04F8F71ABB4FB800B7C078 /* Main.storyboard in Resources */ = {isa = PBXBuildFile; fileRef = 6B04F8F51ABB4FB800B7C078 /* Main.storyboard */; };
		6B04F8F91ABB4FB800B7C078 /* Images.xcassets in Resources */ = {isa = PBXBuildFile; fileRef = 6B04F8F81ABB4FB800B7C078 /* Images.xcassets */; };
		6B04F8FC1ABB4FB800B7C078 /* LaunchScreen.xib in Resources */ = {isa = PBXBuildFile; fileRef = 6B04F8FA1ABB4FB800B7C078 /* LaunchScreen.xib */; };
		6B04F9081ABB4FB800B7C078 /* FarkleTests.m in Sources */ = {isa = PBXBuildFile; fileRef = 6B04F9071ABB4FB800B7C078 /* FarkleTests.m */; };
		6B04F9131ABB51F600B7C078 /* FKHomeViewController.m in Sources */ = {isa = PBXBuildFile; fileRef = 6B04F9121ABB51F600B7C078 /* FKHomeViewController.m */; };
		6B04F9191ABB53BC00B7C078 /* FKDieLabel.m in Sources */ = {isa = PBXBuildFile; fileRef = 6B04F9181ABB53BC00B7C078 /* FKDieLabel.m */; };
		6B04F91C1ABB7F3F00B7C078 /* FKRoll.m in Sources */ = {isa = PBXBuildFile; fileRef = 6B04F91B1ABB7F3F00B7C078 /* FKRoll.m */; };
		6B04F91F1ABC5C2D00B7C078 /* FKPlayers.m in Sources */ = {isa = PBXBuildFile; fileRef = 6B04F91E1ABC5C2D00B7C078 /* FKPlayers.m */; };
		6B04F9221ABC5DA600B7C078 /* FKScoreBoardViewController.m in Sources */ = {isa = PBXBuildFile; fileRef = 6B04F9211ABC5DA600B7C078 /* FKScoreBoardViewController.m */; };
		6B04F9251ABC5DEA00B7C078 /* FKPlayerSelectViewController.m in Sources */ = {isa = PBXBuildFile; fileRef = 6B04F9241ABC5DEA00B7C078 /* FKPlayerSelectViewController.m */; };
		6B3415461ABD14AF00D42609 /* FKScores.m in Sources */ = {isa = PBXBuildFile; fileRef = 6B3415451ABD14AF00D42609 /* FKScores.m */; };
/* End PBXBuildFile section */

/* Begin PBXContainerItemProxy section */
		6B04F9021ABB4FB800B7C078 /* PBXContainerItemProxy */ = {
			isa = PBXContainerItemProxy;
			containerPortal = 6B04F8E01ABB4FB800B7C078 /* Project object */;
			proxyType = 1;
			remoteGlobalIDString = 6B04F8E71ABB4FB800B7C078;
			remoteInfo = Farkle;
		};
/* End PBXContainerItemProxy section */

/* Begin PBXFileReference section */
		6B04F8E81ABB4FB800B7C078 /* Farkle.app */ = {isa = PBXFileReference; explicitFileType = wrapper.application; includeInIndex = 0; path = Farkle.app; sourceTree = BUILT_PRODUCTS_DIR; };
		6B04F8EC1ABB4FB800B7C078 /* Info.plist */ = {isa = PBXFileReference; lastKnownFileType = text.plist.xml; path = Info.plist; sourceTree = "<group>"; };
		6B04F8ED1ABB4FB800B7C078 /* main.m */ = {isa = PBXFileReference; lastKnownFileType = sourcecode.c.objc; path = main.m; sourceTree = "<group>"; };
		6B04F8EF1ABB4FB800B7C078 /* AppDelegate.h */ = {isa = PBXFileReference; lastKnownFileType = sourcecode.c.h; path = AppDelegate.h; sourceTree = "<group>"; };
		6B04F8F01ABB4FB800B7C078 /* AppDelegate.m */ = {isa = PBXFileReference; lastKnownFileType = sourcecode.c.objc; path = AppDelegate.m; sourceTree = "<group>"; };
		6B04F8F61ABB4FB800B7C078 /* Base */ = {isa = PBXFileReference; lastKnownFileType = file.storyboard; name = Base; path = Base.lproj/Main.storyboard; sourceTree = "<group>"; };
		6B04F8F81ABB4FB800B7C078 /* Images.xcassets */ = {isa = PBXFileReference; lastKnownFileType = folder.assetcatalog; path = Images.xcassets; sourceTree = "<group>"; };
		6B04F8FB1ABB4FB800B7C078 /* Base */ = {isa = PBXFileReference; lastKnownFileType = file.xib; name = Base; path = Base.lproj/LaunchScreen.xib; sourceTree = "<group>"; };
		6B04F9011ABB4FB800B7C078 /* FarkleTests.xctest */ = {isa = PBXFileReference; explicitFileType = wrapper.cfbundle; includeInIndex = 0; path = FarkleTests.xctest; sourceTree = BUILT_PRODUCTS_DIR; };
		6B04F9061ABB4FB800B7C078 /* Info.plist */ = {isa = PBXFileReference; lastKnownFileType = text.plist.xml; path = Info.plist; sourceTree = "<group>"; };
		6B04F9071ABB4FB800B7C078 /* FarkleTests.m */ = {isa = PBXFileReference; lastKnownFileType = sourcecode.c.objc; path = FarkleTests.m; sourceTree = "<group>"; };
		6B04F9111ABB51F600B7C078 /* FKHomeViewController.h */ = {isa = PBXFileReference; fileEncoding = 4; lastKnownFileType = sourcecode.c.h; name = FKHomeViewController.h; path = Farkle/Views/FKHomeViewController.h; sourceTree = "<group>"; };
		6B04F9121ABB51F600B7C078 /* FKHomeViewController.m */ = {isa = PBXFileReference; fileEncoding = 4; lastKnownFileType = sourcecode.c.objc; name = FKHomeViewController.m; path = Farkle/Views/FKHomeViewController.m; sourceTree = "<group>"; };
		6B04F9171ABB53BC00B7C078 /* FKDieLabel.h */ = {isa = PBXFileReference; fileEncoding = 4; lastKnownFileType = sourcecode.c.h; name = FKDieLabel.h; path = Farkle/Controllers/FKDieLabel.h; sourceTree = "<group>"; };
		6B04F9181ABB53BC00B7C078 /* FKDieLabel.m */ = {isa = PBXFileReference; fileEncoding = 4; lastKnownFileType = sourcecode.c.objc; name = FKDieLabel.m; path = Farkle/Controllers/FKDieLabel.m; sourceTree = "<group>"; };
		6B04F91A1ABB7F3F00B7C078 /* FKRoll.h */ = {isa = PBXFileReference; fileEncoding = 4; lastKnownFileType = sourcecode.c.h; name = FKRoll.h; path = Farkle/Models/FKRoll.h; sourceTree = "<group>"; };
		6B04F91B1ABB7F3F00B7C078 /* FKRoll.m */ = {isa = PBXFileReference; fileEncoding = 4; lastKnownFileType = sourcecode.c.objc; name = FKRoll.m; path = Farkle/Models/FKRoll.m; sourceTree = "<group>"; };
		6B04F91D1ABC5C2D00B7C078 /* FKPlayers.h */ = {isa = PBXFileReference; fileEncoding = 4; lastKnownFileType = sourcecode.c.h; name = FKPlayers.h; path = Farkle/Models/FKPlayers.h; sourceTree = "<group>"; };
		6B04F91E1ABC5C2D00B7C078 /* FKPlayers.m */ = {isa = PBXFileReference; fileEncoding = 4; lastKnownFileType = sourcecode.c.objc; name = FKPlayers.m; path = Farkle/Models/FKPlayers.m; sourceTree = "<group>"; };
		6B04F9201ABC5DA600B7C078 /* FKScoreBoardViewController.h */ = {isa = PBXFileReference; fileEncoding = 4; lastKnownFileType = sourcecode.c.h; name = FKScoreBoardViewController.h; path = Farkle/Controllers/FKScoreBoardViewController.h; sourceTree = "<group>"; };
		6B04F9211ABC5DA600B7C078 /* FKScoreBoardViewController.m */ = {isa = PBXFileReference; fileEncoding = 4; lastKnownFileType = sourcecode.c.objc; name = FKScoreBoardViewController.m; path = Farkle/Controllers/FKScoreBoardViewController.m; sourceTree = "<group>"; };
		6B04F9231ABC5DEA00B7C078 /* FKPlayerSelectViewController.h */ = {isa = PBXFileReference; fileEncoding = 4; lastKnownFileType = sourcecode.c.h; name = FKPlayerSelectViewController.h; path = Farkle/Controllers/FKPlayerSelectViewController.h; sourceTree = "<group>"; };
		6B04F9241ABC5DEA00B7C078 /* FKPlayerSelectViewController.m */ = {isa = PBXFileReference; fileEncoding = 4; lastKnownFileType = sourcecode.c.objc; name = FKPlayerSelectViewController.m; path = Farkle/Controllers/FKPlayerSelectViewController.m; sourceTree = "<group>"; };
		6B3415441ABD14AF00D42609 /* FKScores.h */ = {isa = PBXFileReference; fileEncoding = 4; lastKnownFileType = sourcecode.c.h; name = FKScores.h; path = Farkle/Models/FKScores.h; sourceTree = "<group>"; };
		6B3415451ABD14AF00D42609 /* FKScores.m */ = {isa = PBXFileReference; fileEncoding = 4; lastKnownFileType = sourcecode.c.objc; name = FKScores.m; path = Farkle/Models/FKScores.m; sourceTree = "<group>"; };
/* End PBXFileReference section */

/* Begin PBXFrameworksBuildPhase section */
		6B04F8E51ABB4FB800B7C078 /* Frameworks */ = {
			isa = PBXFrameworksBuildPhase;
			buildActionMask = 2147483647;
			files = (
			);
			runOnlyForDeploymentPostprocessing = 0;
		};
		6B04F8FE1ABB4FB800B7C078 /* Frameworks */ = {
			isa = PBXFrameworksBuildPhase;
			buildActionMask = 2147483647;
			files = (
			);
			runOnlyForDeploymentPostprocessing = 0;
		};
/* End PBXFrameworksBuildPhase section */

/* Begin PBXGroup section */
		6B04F8DF1ABB4FB800B7C078 = {
			isa = PBXGroup;
			children = (
				6B04F9151ABB534800B7C078 /* Models */,
				6B04F9141ABB532C00B7C078 /* Views */,
				6B04F9161ABB535600B7C078 /* Controllers */,
				6B04F8EA1ABB4FB800B7C078 /* Farkle */,
				6B04F9041ABB4FB800B7C078 /* FarkleTests */,
				6B04F8E91ABB4FB800B7C078 /* Products */,
			);
			sourceTree = "<group>";
		};
		6B04F8E91ABB4FB800B7C078 /* Products */ = {
			isa = PBXGroup;
			children = (
				6B04F8E81ABB4FB800B7C078 /* Farkle.app */,
				6B04F9011ABB4FB800B7C078 /* FarkleTests.xctest */,
			);
			name = Products;
			sourceTree = "<group>";
		};
		6B04F8EA1ABB4FB800B7C078 /* Farkle */ = {
			isa = PBXGroup;
			children = (
				6B04F8EF1ABB4FB800B7C078 /* AppDelegate.h */,
				6B04F8F01ABB4FB800B7C078 /* AppDelegate.m */,
				6B04F8F81ABB4FB800B7C078 /* Images.xcassets */,
				6B04F8EB1ABB4FB800B7C078 /* Supporting Files */,
			);
			path = Farkle;
			sourceTree = "<group>";
		};
		6B04F8EB1ABB4FB800B7C078 /* Supporting Files */ = {
			isa = PBXGroup;
			children = (
				6B04F8EC1ABB4FB800B7C078 /* Info.plist */,
				6B04F8ED1ABB4FB800B7C078 /* main.m */,
			);
			name = "Supporting Files";
			sourceTree = "<group>";
		};
		6B04F9041ABB4FB800B7C078 /* FarkleTests */ = {
			isa = PBXGroup;
			children = (
				6B04F9071ABB4FB800B7C078 /* FarkleTests.m */,
				6B04F9051ABB4FB800B7C078 /* Supporting Files */,
			);
			path = FarkleTests;
			sourceTree = "<group>";
		};
		6B04F9051ABB4FB800B7C078 /* Supporting Files */ = {
			isa = PBXGroup;
			children = (
				6B04F9061ABB4FB800B7C078 /* Info.plist */,
			);
			name = "Supporting Files";
			sourceTree = "<group>";
		};
		6B04F9141ABB532C00B7C078 /* Views */ = {
			isa = PBXGroup;
			children = (
				6B04F8F51ABB4FB800B7C078 /* Main.storyboard */,
				6B04F8FA1ABB4FB800B7C078 /* LaunchScreen.xib */,
			);
			name = Views;
			sourceTree = "<group>";
		};
		6B04F9151ABB534800B7C078 /* Models */ = {
			isa = PBXGroup;
			children = (
				6B04F91A1ABB7F3F00B7C078 /* FKRoll.h */,
				6B04F91B1ABB7F3F00B7C078 /* FKRoll.m */,
				6B04F91D1ABC5C2D00B7C078 /* FKPlayers.h */,
				6B04F91E1ABC5C2D00B7C078 /* FKPlayers.m */,
				6B3415441ABD14AF00D42609 /* FKScores.h */,
				6B3415451ABD14AF00D42609 /* FKScores.m */,
			);
			name = Models;
			sourceTree = "<group>";
		};
		6B04F9161ABB535600B7C078 /* Controllers */ = {
			isa = PBXGroup;
			children = (
				6B04F9201ABC5DA600B7C078 /* FKScoreBoardViewController.h */,
				6B04F9211ABC5DA600B7C078 /* FKScoreBoardViewController.m */,
				6B04F9111ABB51F600B7C078 /* FKHomeViewController.h */,
				6B04F9121ABB51F600B7C078 /* FKHomeViewController.m */,
				6B04F9171ABB53BC00B7C078 /* FKDieLabel.h */,
				6B04F9181ABB53BC00B7C078 /* FKDieLabel.m */,
				6B04F9231ABC5DEA00B7C078 /* FKPlayerSelectViewController.h */,
				6B04F9241ABC5DEA00B7C078 /* FKPlayerSelectViewController.m */,
			);
			name = Controllers;
			sourceTree = "<group>";
		};
/* End PBXGroup section */

/* Begin PBXNativeTarget section */
		6B04F8E71ABB4FB800B7C078 /* Farkle */ = {
			isa = PBXNativeTarget;
			buildConfigurationList = 6B04F90B1ABB4FB800B7C078 /* Build configuration list for PBXNativeTarget "Farkle" */;
			buildPhases = (
				6B04F8E41ABB4FB800B7C078 /* Sources */,
				6B04F8E51ABB4FB800B7C078 /* Frameworks */,
				6B04F8E61ABB4FB800B7C078 /* Resources */,
			);
			buildRules = (
			);
			dependencies = (
			);
			name = Farkle;
			productName = Farkle;
			productReference = 6B04F8E81ABB4FB800B7C078 /* Farkle.app */;
			productType = "com.apple.product-type.application";
		};
		6B04F9001ABB4FB800B7C078 /* FarkleTests */ = {
			isa = PBXNativeTarget;
			buildConfigurationList = 6B04F90E1ABB4FB800B7C078 /* Build configuration list for PBXNativeTarget "FarkleTests" */;
			buildPhases = (
				6B04F8FD1ABB4FB800B7C078 /* Sources */,
				6B04F8FE1ABB4FB800B7C078 /* Frameworks */,
				6B04F8FF1ABB4FB800B7C078 /* Resources */,
			);
			buildRules = (
			);
			dependencies = (
				6B04F9031ABB4FB800B7C078 /* PBXTargetDependency */,
			);
			name = FarkleTests;
			productName = FarkleTests;
			productReference = 6B04F9011ABB4FB800B7C078 /* FarkleTests.xctest */;
			productType = "com.apple.product-type.bundle.unit-test";
		};
/* End PBXNativeTarget section */

/* Begin PBXProject section */
		6B04F8E01ABB4FB800B7C078 /* Project object */ = {
			isa = PBXProject;
			attributes = {
				LastUpgradeCheck = 0620;
				ORGANIZATIONNAME = "Mick Lerche";
				TargetAttributes = {
					6B04F8E71ABB4FB800B7C078 = {
						CreatedOnToolsVersion = 6.2;
					};
					6B04F9001ABB4FB800B7C078 = {
						CreatedOnToolsVersion = 6.2;
						TestTargetID = 6B04F8E71ABB4FB800B7C078;
					};
				};
			};
			buildConfigurationList = 6B04F8E31ABB4FB800B7C078 /* Build configuration list for PBXProject "Farkle" */;
			compatibilityVersion = "Xcode 3.2";
			developmentRegion = English;
			hasScannedForEncodings = 0;
			knownRegions = (
				en,
				Base,
			);
			mainGroup = 6B04F8DF1ABB4FB800B7C078;
			productRefGroup = 6B04F8E91ABB4FB800B7C078 /* Products */;
			projectDirPath = "";
			projectRoot = "";
			targets = (
				6B04F8E71ABB4FB800B7C078 /* Farkle */,
				6B04F9001ABB4FB800B7C078 /* FarkleTests */,
			);
		};
/* End PBXProject section */

/* Begin PBXResourcesBuildPhase section */
		6B04F8E61ABB4FB800B7C078 /* Resources */ = {
			isa = PBXResourcesBuildPhase;
			buildActionMask = 2147483647;
			files = (
				6B04F8F71ABB4FB800B7C078 /* Main.storyboard in Resources */,
				6B04F8FC1ABB4FB800B7C078 /* LaunchScreen.xib in Resources */,
				6B04F8F91ABB4FB800B7C078 /* Images.xcassets in Resources */,
			);
			runOnlyForDeploymentPostprocessing = 0;
		};
		6B04F8FF1ABB4FB800B7C078 /* Resources */ = {
			isa = PBXResourcesBuildPhase;
			buildActionMask = 2147483647;
			files = (
			);
			runOnlyForDeploymentPostprocessing = 0;
		};
/* End PBXResourcesBuildPhase section */

/* Begin PBXSourcesBuildPhase section */
		6B04F8E41ABB4FB800B7C078 /* Sources */ = {
			isa = PBXSourcesBuildPhase;
			buildActionMask = 2147483647;
			files = (
				6B04F8F11ABB4FB800B7C078 /* AppDelegate.m in Sources */,
				6B04F91C1ABB7F3F00B7C078 /* FKRoll.m in Sources */,
				6B04F9131ABB51F600B7C078 /* FKHomeViewController.m in Sources */,
				6B3415461ABD14AF00D42609 /* FKScores.m in Sources */,
				6B04F91F1ABC5C2D00B7C078 /* FKPlayers.m in Sources */,
				6B04F9221ABC5DA600B7C078 /* FKScoreBoardViewController.m in Sources */,
				6B04F9191ABB53BC00B7C078 /* FKDieLabel.m in Sources */,
				6B04F9251ABC5DEA00B7C078 /* FKPlayerSelectViewController.m in Sources */,
				6B04F8EE1ABB4FB800B7C078 /* main.m in Sources */,
			);
			runOnlyForDeploymentPostprocessing = 0;
		};
		6B04F8FD1ABB4FB800B7C078 /* Sources */ = {
			isa = PBXSourcesBuildPhase;
			buildActionMask = 2147483647;
			files = (
				6B04F9081ABB4FB800B7C078 /* FarkleTests.m in Sources */,
			);
			runOnlyForDeploymentPostprocessing = 0;
		};
/* End PBXSourcesBuildPhase section */

/* Begin PBXTargetDependency section */
		6B04F9031ABB4FB800B7C078 /* PBXTargetDependency */ = {
			isa = PBXTargetDependency;
			target = 6B04F8E71ABB4FB800B7C078 /* Farkle */;
			targetProxy = 6B04F9021ABB4FB800B7C078 /* PBXContainerItemProxy */;
		};
/* End PBXTargetDependency section */

/* Begin PBXVariantGroup section */
		6B04F8F51ABB4FB800B7C078 /* Main.storyboard */ = {
			isa = PBXVariantGroup;
			children = (
				6B04F8F61ABB4FB800B7C078 /* Base */,
			);
			name = Main.storyboard;
			path = Farkle;
			sourceTree = "<group>";
		};
		6B04F8FA1ABB4FB800B7C078 /* LaunchScreen.xib */ = {
			isa = PBXVariantGroup;
			children = (
				6B04F8FB1ABB4FB800B7C078 /* Base */,
			);
			name = LaunchScreen.xib;
			path = Farkle;
			sourceTree = "<group>";
		};
/* End PBXVariantGroup section */

/* Begin XCBuildConfiguration section */
		6B04F9091ABB4FB800B7C078 /* Debug */ = {
			isa = XCBuildConfiguration;
			buildSettings = {
				ALWAYS_SEARCH_USER_PATHS = NO;
				CLANG_CXX_LANGUAGE_STANDARD = "gnu++0x";
				CLANG_CXX_LIBRARY = "libc++";
				CLANG_ENABLE_MODULES = YES;
				CLANG_ENABLE_OBJC_ARC = YES;
				CLANG_WARN_BOOL_CONVERSION = YES;
				CLANG_WARN_CONSTANT_CONVERSION = YES;
				CLANG_WARN_DIRECT_OBJC_ISA_USAGE = YES_ERROR;
				CLANG_WARN_EMPTY_BODY = YES;
				CLANG_WARN_ENUM_CONVERSION = YES;
				CLANG_WARN_INT_CONVERSION = YES;
				CLANG_WARN_OBJC_ROOT_CLASS = YES_ERROR;
				CLANG_WARN_UNREACHABLE_CODE = YES;
				CLANG_WARN__DUPLICATE_METHOD_MATCH = YES;
				"CODE_SIGN_IDENTITY[sdk=iphoneos*]" = "iPhone Developer";
				COPY_PHASE_STRIP = NO;
				ENABLE_STRICT_OBJC_MSGSEND = YES;
				GCC_C_LANGUAGE_STANDARD = gnu99;
				GCC_DYNAMIC_NO_PIC = NO;
				GCC_OPTIMIZATION_LEVEL = 0;
				GCC_PREPROCESSOR_DEFINITIONS = (
					"DEBUG=1",
					"$(inherited)",
				);
				GCC_SYMBOLS_PRIVATE_EXTERN = NO;
				GCC_WARN_64_TO_32_BIT_CONVERSION = YES;
				GCC_WARN_ABOUT_RETURN_TYPE = YES_ERROR;
				GCC_WARN_UNDECLARED_SELECTOR = YES;
				GCC_WARN_UNINITIALIZED_AUTOS = YES_AGGRESSIVE;
				GCC_WARN_UNUSED_FUNCTION = YES;
				GCC_WARN_UNUSED_VARIABLE = YES;
				IPHONEOS_DEPLOYMENT_TARGET = 8.2;
				MTL_ENABLE_DEBUG_INFO = YES;
				ONLY_ACTIVE_ARCH = YES;
				SDKROOT = iphoneos;
			};
			name = Debug;
		};
		6B04F90A1ABB4FB800B7C078 /* Release */ = {
			isa = XCBuildConfiguration;
			buildSettings = {
				ALWAYS_SEARCH_USER_PATHS = NO;
				CLANG_CXX_LANGUAGE_STANDARD = "gnu++0x";
				CLANG_CXX_LIBRARY = "libc++";
				CLANG_ENABLE_MODULES = YES;
				CLANG_ENABLE_OBJC_ARC = YES;
				CLANG_WARN_BOOL_CONVERSION = YES;
				CLANG_WARN_CONSTANT_CONVERSION = YES;
				CLANG_WARN_DIRECT_OBJC_ISA_USAGE = YES_ERROR;
				CLANG_WARN_EMPTY_BODY = YES;
				CLANG_WARN_ENUM_CONVERSION = YES;
				CLANG_WARN_INT_CONVERSION = YES;
				CLANG_WARN_OBJC_ROOT_CLASS = YES_ERROR;
				CLANG_WARN_UNREACHABLE_CODE = YES;
				CLANG_WARN__DUPLICATE_METHOD_MATCH = YES;
				"CODE_SIGN_IDENTITY[sdk=iphoneos*]" = "iPhone Developer";
				COPY_PHASE_STRIP = NO;
				ENABLE_NS_ASSERTIONS = NO;
				ENABLE_STRICT_OBJC_MSGSEND = YES;
				GCC_C_LANGUAGE_STANDARD = gnu99;
				GCC_WARN_64_TO_32_BIT_CONVERSION = YES;
				GCC_WARN_ABOUT_RETURN_TYPE = YES_ERROR;
				GCC_WARN_UNDECLARED_SELECTOR = YES;
				GCC_WARN_UNINITIALIZED_AUTOS = YES_AGGRESSIVE;
				GCC_WARN_UNUSED_FUNCTION = YES;
				GCC_WARN_UNUSED_VARIABLE = YES;
				IPHONEOS_DEPLOYMENT_TARGET = 8.2;
				MTL_ENABLE_DEBUG_INFO = NO;
				SDKROOT = iphoneos;
				VALIDATE_PRODUCT = YES;
			};
			name = Release;
		};
		6B04F90C1ABB4FB800B7C078 /* Debug */ = {
			isa = XCBuildConfiguration;
			buildSettings = {
				ASSETCATALOG_COMPILER_APPICON_NAME = AppIcon;
				INFOPLIST_FILE = Farkle/Info.plist;
				LD_RUNPATH_SEARCH_PATHS = "$(inherited) @executable_path/Frameworks";
				PRODUCT_NAME = "$(TARGET_NAME)";
			};
			name = Debug;
		};
		6B04F90D1ABB4FB800B7C078 /* Release */ = {
			isa = XCBuildConfiguration;
			buildSettings = {
				ASSETCATALOG_COMPILER_APPICON_NAME = AppIcon;
				INFOPLIST_FILE = Farkle/Info.plist;
				LD_RUNPATH_SEARCH_PATHS = "$(inherited) @executable_path/Frameworks";
				PRODUCT_NAME = "$(TARGET_NAME)";
			};
			name = Release;
		};
		6B04F90F1ABB4FB800B7C078 /* Debug */ = {
			isa = XCBuildConfiguration;
			buildSettings = {
				BUNDLE_LOADER = "$(TEST_HOST)";
				FRAMEWORK_SEARCH_PATHS = (
					"$(SDKROOT)/Developer/Library/Frameworks",
					"$(inherited)",
				);
				GCC_PREPROCESSOR_DEFINITIONS = (
					"DEBUG=1",
					"$(inherited)",
				);
				INFOPLIST_FILE = FarkleTests/Info.plist;
				LD_RUNPATH_SEARCH_PATHS = "$(inherited) @executable_path/Frameworks @loader_path/Frameworks";
				PRODUCT_NAME = "$(TARGET_NAME)";
				TEST_HOST = "$(BUILT_PRODUCTS_DIR)/Farkle.app/Farkle";
			};
			name = Debug;
		};
		6B04F9101ABB4FB800B7C078 /* Release */ = {
			isa = XCBuildConfiguration;
			buildSettings = {
				BUNDLE_LOADER = "$(TEST_HOST)";
				FRAMEWORK_SEARCH_PATHS = (
					"$(SDKROOT)/Developer/Library/Frameworks",
					"$(inherited)",
				);
				INFOPLIST_FILE = FarkleTests/Info.plist;
				LD_RUNPATH_SEARCH_PATHS = "$(inherited) @executable_path/Frameworks @loader_path/Frameworks";
				PRODUCT_NAME = "$(TARGET_NAME)";
				TEST_HOST = "$(BUILT_PRODUCTS_DIR)/Farkle.app/Farkle";
			};
			name = Release;
		};
/* End XCBuildConfiguration section */

/* Begin XCConfigurationList section */
		6B04F8E31ABB4FB800B7C078 /* Build configuration list for PBXProject "Farkle" */ = {
			isa = XCConfigurationList;
			buildConfigurations = (
				6B04F9091ABB4FB800B7C078 /* Debug */,
				6B04F90A1ABB4FB800B7C078 /* Release */,
			);
			defaultConfigurationIsVisible = 0;
			defaultConfigurationName = Release;
		};
		6B04F90B1ABB4FB800B7C078 /* Build configuration list for PBXNativeTarget "Farkle" */ = {
			isa = XCConfigurationList;
			buildConfigurations = (
				6B04F90C1ABB4FB800B7C078 /* Debug */,
				6B04F90D1ABB4FB800B7C078 /* Release */,
			);
			defaultConfigurationIsVisible = 0;
			defaultConfigurationName = Release;
		};
		6B04F90E1ABB4FB800B7C078 /* Build configuration list for PBXNativeTarget "FarkleTests" */ = {
			isa = XCConfigurationList;
			buildConfigurations = (
				6B04F90F1ABB4FB800B7C078 /* Debug */,
				6B04F9101ABB4FB800B7C078 /* Release */,
			);
			defaultConfigurationIsVisible = 0;
			defaultConfigurationName = Release;
		};
/* End XCConfigurationList section */
	};
	rootObject = 6B04F8E01ABB4FB800B7C078 /* Project object */;
}
